
Microsoft Visual Studio Solution File, Format Version 12.00
# Visual Studio Version 17
VisualStudioVersion = 17.7.34024.191
MinimumVisualStudioVersion = 10.0.40219.1
Project("{FAE04EC0-301F-11D3-BF4B-00C04F79EFBC}") = "WpfApp2test", "WpfApp2test\WpfApp2test.csproj", "{520ED986-733E-4119-AA23-4A6BB4541546}"
EndProject
Global
	GlobalSection(SolutionConfigurationPlatforms) = preSolution
		Debug|Any CPU = Debug|Any CPU
		Release|Any CPU = Release|Any CPU
	EndGlobalSection
	GlobalSection(ProjectConfigurationPlatforms) = postSolution
		{520ED986-733E-4119-AA23-4A6BB4541546}.Debug|Any CPU.ActiveCfg = Debug|Any CPU
		{520ED986-733E-4119-AA23-4A6BB4541546}.Debug|Any CPU.Build.0 = Debug|Any CPU
		{520ED986-733E-4119-AA23-4A6BB4541546}.Release|Any CPU.ActiveCfg = Release|Any CPU
		{520ED986-733E-4119-AA23-4A6BB4541546}.Release|Any CPU.Build.0 = Release|Any CPU
	EndGlobalSection
	GlobalSection(SolutionProperties) = preSolution
		HideSolutionNode = FALSE
	EndGlobalSection
	GlobalSection(ExtensibilityGlobals) = postSolution
		SolutionGuid = {FC679EE0-D689-46EF-B346-B6F1CD17742A}
	EndGlobalSection
EndGlobal
